
Microsoft Visual Studio Solution File, Format Version 12.00
# Visual Studio Version 17
VisualStudioVersion = 17.3.32901.215
MinimumVisualStudioVersion = 10.0.40219.1
Project("{FAE04EC0-301F-11D3-BF4B-00C04F79EFBC}") = "PersonalLoans-App", "PersonalLoans-App\PersonalLoans-App.csproj", "{DD8BEBD6-8F98-4C18-B93A-A97312FA8559}"
EndProject
Project("{FAE04EC0-301F-11D3-BF4B-00C04F79EFBC}") = "Application", "Application\Application.csproj", "{D4FE1845-6931-4D95-8D77-D1F964530A54}"
EndProject
Global
	GlobalSection(SolutionConfigurationPlatforms) = preSolution
		Debug|Any CPU = Debug|Any CPU
		Release|Any CPU = Release|Any CPU
	EndGlobalSection
	GlobalSection(ProjectConfigurationPlatforms) = postSolution
		{DD8BEBD6-8F98-4C18-B93A-A97312FA8559}.Debug|Any CPU.ActiveCfg = Debug|Any CPU
		{DD8BEBD6-8F98-4C18-B93A-A97312FA8559}.Debug|Any CPU.Build.0 = Debug|Any CPU
		{DD8BEBD6-8F98-4C18-B93A-A97312FA8559}.Release|Any CPU.ActiveCfg = Release|Any CPU
		{DD8BEBD6-8F98-4C18-B93A-A97312FA8559}.Release|Any CPU.Build.0 = Release|Any CPU
		{D4FE1845-6931-4D95-8D77-D1F964530A54}.Debug|Any CPU.ActiveCfg = Debug|Any CPU
		{D4FE1845-6931-4D95-8D77-D1F964530A54}.Debug|Any CPU.Build.0 = Debug|Any CPU
		{D4FE1845-6931-4D95-8D77-D1F964530A54}.Release|Any CPU.ActiveCfg = Release|Any CPU
		{D4FE1845-6931-4D95-8D77-D1F964530A54}.Release|Any CPU.Build.0 = Release|Any CPU
	EndGlobalSection
	GlobalSection(SolutionProperties) = preSolution
		HideSolutionNode = FALSE
	EndGlobalSection
	GlobalSection(ExtensibilityGlobals) = postSolution
		SolutionGuid = {96E71EAF-03C6-474D-8D6B-7EA031D86EBD}
	EndGlobalSection
EndGlobal
